// !$*UTF8*$!
{
	archiveVersion = 1;
	classes = {
	};
	objectVersion = 56;
	objects = {

/* Begin PBXBuildFile section */
		9D0119D42A89222C005990BB /* ViewCoordinator.swift in Sources */ = {isa = PBXBuildFile; fileRef = 9D0119D32A89222C005990BB /* ViewCoordinator.swift */; };
		9D0119D62A89229C005990BB /* CustomTextView.swift in Sources */ = {isa = PBXBuildFile; fileRef = 9D0119D52A89229C005990BB /* CustomTextView.swift */; };
		9D0119D82A892367005990BB /* CustomTextFieldView.swift in Sources */ = {isa = PBXBuildFile; fileRef = 9D0119D72A892367005990BB /* CustomTextFieldView.swift */; };
		9D0119DA2A8923B4005990BB /* CustomTextEditorView.swift in Sources */ = {isa = PBXBuildFile; fileRef = 9D0119D92A8923B4005990BB /* CustomTextEditorView.swift */; };
		9D0119DC2A892436005990BB /* CustomImageView.swift in Sources */ = {isa = PBXBuildFile; fileRef = 9D0119DB2A892436005990BB /* CustomImageView.swift */; };
		9D0119DE2A89259F005990BB /* CustomPickerView.swift in Sources */ = {isa = PBXBuildFile; fileRef = 9D0119DD2A89259F005990BB /* CustomPickerView.swift */; };
		9D0119E02A8925D9005990BB /* CustomStackView.swift in Sources */ = {isa = PBXBuildFile; fileRef = 9D0119DF2A8925D9005990BB /* CustomStackView.swift */; };
		9D0119E22A8925FE005990BB /* CustomColorView.swift in Sources */ = {isa = PBXBuildFile; fileRef = 9D0119E12A8925FE005990BB /* CustomColorView.swift */; };
		9D0119E42A892621005990BB /* CustomGradientView.swift in Sources */ = {isa = PBXBuildFile; fileRef = 9D0119E32A892621005990BB /* CustomGradientView.swift */; };
		9D0119E62A89264E005990BB /* CustomButtonView.swift in Sources */ = {isa = PBXBuildFile; fileRef = 9D0119E52A89264E005990BB /* CustomButtonView.swift */; };
		9D0119E82A892672005990BB /* CustomStepperView.swift in Sources */ = {isa = PBXBuildFile; fileRef = 9D0119E72A892672005990BB /* CustomStepperView.swift */; };
		9D0119EA2A892695005990BB /* CustomDatePickerView.swift in Sources */ = {isa = PBXBuildFile; fileRef = 9D0119E92A892695005990BB /* CustomDatePickerView.swift */; };
		9D0119EC2A8926C0005990BB /* CustomPhotoPickerView.swift in Sources */ = {isa = PBXBuildFile; fileRef = 9D0119EB2A8926C0005990BB /* CustomPhotoPickerView.swift */; };
		9D0119EE2A8926E2005990BB /* CustomMoveItemView.swift in Sources */ = {isa = PBXBuildFile; fileRef = 9D0119ED2A8926E2005990BB /* CustomMoveItemView.swift */; };
		9D0119F02A892707005990BB /* CustomListView.swift in Sources */ = {isa = PBXBuildFile; fileRef = 9D0119EF2A892707005990BB /* CustomListView.swift */; };
		9D0119F22A89272D005990BB /* CustomScrollReaderView.swift in Sources */ = {isa = PBXBuildFile; fileRef = 9D0119F12A89272D005990BB /* CustomScrollReaderView.swift */; };
		9D0119F42A892756005990BB /* CustomScrollView.swift in Sources */ = {isa = PBXBuildFile; fileRef = 9D0119F32A892756005990BB /* CustomScrollView.swift */; };
		9D0119F62A892781005990BB /* CustomMatchedGeometryEffectView.swift in Sources */ = {isa = PBXBuildFile; fileRef = 9D0119F52A892781005990BB /* CustomMatchedGeometryEffectView.swift */; };
		9D0119F82A8927A8005990BB /* CustomAlertView.swift in Sources */ = {isa = PBXBuildFile; fileRef = 9D0119F72A8927A8005990BB /* CustomAlertView.swift */; };
		9D0119FA2A8927CB005990BB /* CustomAnimationView.swift in Sources */ = {isa = PBXBuildFile; fileRef = 9D0119F92A8927CB005990BB /* CustomAnimationView.swift */; };
		9D0119FC2A8927EF005990BB /* CustomBlurView.swift in Sources */ = {isa = PBXBuildFile; fileRef = 9D0119FB2A8927EF005990BB /* CustomBlurView.swift */; };
		9D0119FE2A892817005990BB /* CustomDialogAlertView.swift in Sources */ = {isa = PBXBuildFile; fileRef = 9D0119FD2A892817005990BB /* CustomDialogAlertView.swift */; };
		9D011A002A89283B005990BB /* CustomSearchView.swift in Sources */ = {isa = PBXBuildFile; fileRef = 9D0119FF2A89283B005990BB /* CustomSearchView.swift */; };
		9D011A022A892860005990BB /* CustomTabView.swift in Sources */ = {isa = PBXBuildFile; fileRef = 9D011A012A892860005990BB /* CustomTabView.swift */; };
		9D011A042A89288B005990BB /* CustomSafeAreaView.swift in Sources */ = {isa = PBXBuildFile; fileRef = 9D011A032A89288B005990BB /* CustomSafeAreaView.swift */; };
		9D011A062A8928AE005990BB /* CustomLoaderView.swift in Sources */ = {isa = PBXBuildFile; fileRef = 9D011A052A8928AE005990BB /* CustomLoaderView.swift */; };
		9D011A082A8928D1005990BB /* CustomColorPickerView.swift in Sources */ = {isa = PBXBuildFile; fileRef = 9D011A072A8928D1005990BB /* CustomColorPickerView.swift */; };
		9D011A0A2A8928F6005990BB /* CustomToolBarButtonView.swift in Sources */ = {isa = PBXBuildFile; fileRef = 9D011A092A8928F6005990BB /* CustomToolBarButtonView.swift */; };
		9D011A0C2A89291C005990BB /* CustomToggleView.swift in Sources */ = {isa = PBXBuildFile; fileRef = 9D011A0B2A89291C005990BB /* CustomToggleView.swift */; };
		9D011A0E2A89293D005990BB /* CustomSegmentedControlView.swift in Sources */ = {isa = PBXBuildFile; fileRef = 9D011A0D2A89293D005990BB /* CustomSegmentedControlView.swift */; };
		9D011A102A892960005990BB /* CustomTimerView.swift in Sources */ = {isa = PBXBuildFile; fileRef = 9D011A0F2A892960005990BB /* CustomTimerView.swift */; };
		9D011A122A892985005990BB /* CustomLinkView.swift in Sources */ = {isa = PBXBuildFile; fileRef = 9D011A112A892985005990BB /* CustomLinkView.swift */; };
		9D011A142A8929A8005990BB /* CustomFormView.swift in Sources */ = {isa = PBXBuildFile; fileRef = 9D011A132A8929A8005990BB /* CustomFormView.swift */; };
		9D011A162A8929D2005990BB /* CustomSwipeActionView.swift in Sources */ = {isa = PBXBuildFile; fileRef = 9D011A152A8929D2005990BB /* CustomSwipeActionView.swift */; };
		9D011A182A892A25005990BB /* CustomRefreshView.swift in Sources */ = {isa = PBXBuildFile; fileRef = 9D011A172A892A25005990BB /* CustomRefreshView.swift */; };
		9D011A1A2A892A4C005990BB /* CustomOverlayView.swift in Sources */ = {isa = PBXBuildFile; fileRef = 9D011A192A892A4C005990BB /* CustomOverlayView.swift */; };
		9D011A1C2A892A73005990BB /* CustomDisclosureGroupView.swift in Sources */ = {isa = PBXBuildFile; fileRef = 9D011A1B2A892A73005990BB /* CustomDisclosureGroupView.swift */; };
		9D011A1E2A892A9B005990BB /* CustomGroupBoxView.swift in Sources */ = {isa = PBXBuildFile; fileRef = 9D011A1D2A892A9B005990BB /* CustomGroupBoxView.swift */; };
		9D011A202A892AC4005990BB /* CustomGestureView.swift in Sources */ = {isa = PBXBuildFile; fileRef = 9D011A1F2A892AC4005990BB /* CustomGestureView.swift */; };
		9D011A222A892AE7005990BB /* CustomProgressView.swift in Sources */ = {isa = PBXBuildFile; fileRef = 9D011A212A892AE7005990BB /* CustomProgressView.swift */; };
		9D02583C2A9608B500725EC4 /* CustomBottomView.swift in Sources */ = {isa = PBXBuildFile; fileRef = 9D02583B2A9608B500725EC4 /* CustomBottomView.swift */; };
		9D25377F2A9B5E0E009D23A7 /* CustomCameraPhotoPickerView.swift in Sources */ = {isa = PBXBuildFile; fileRef = 9D25377E2A9B5E0E009D23A7 /* CustomCameraPhotoPickerView.swift */; };
		9D5572622A8BA350007FB6BE /* CustomAsyncImageView.swift in Sources */ = {isa = PBXBuildFile; fileRef = 9D5572612A8BA350007FB6BE /* CustomAsyncImageView.swift */; };
		9D9A00562A99AEBC001D65C8 /* CustomLayoutView.swift in Sources */ = {isa = PBXBuildFile; fileRef = 9D9A00552A99AEBC001D65C8 /* CustomLayoutView.swift */; };
		9D9A005B2A9A1E5A001D65C8 /* CustomPopOverView.swift in Sources */ = {isa = PBXBuildFile; fileRef = 9D9A005A2A9A1E5A001D65C8 /* CustomPopOverView.swift */; };
		9D9A005E2A9AEEB4001D65C8 /* ViewModifiers.swift in Sources */ = {isa = PBXBuildFile; fileRef = 9D9A005D2A9AEEB4001D65C8 /* ViewModifiers.swift */; };
		9D9A00602A9AEF84001D65C8 /* CustomPreferenceKey.swift in Sources */ = {isa = PBXBuildFile; fileRef = 9D9A005F2A9AEF84001D65C8 /* CustomPreferenceKey.swift */; };
		9DB44AF62A891F80003844A3 /* ExampleApp.swift in Sources */ = {isa = PBXBuildFile; fileRef = 9DB44AF52A891F80003844A3 /* ExampleApp.swift */; };
		9DB44AF82A891F80003844A3 /* ContentView.swift in Sources */ = {isa = PBXBuildFile; fileRef = 9DB44AF72A891F80003844A3 /* ContentView.swift */; };
		9DB44AFA2A891F81003844A3 /* Assets.xcassets in Resources */ = {isa = PBXBuildFile; fileRef = 9DB44AF92A891F81003844A3 /* Assets.xcassets */; };
		9DB44AFD2A891F81003844A3 /* Preview Assets.xcassets in Resources */ = {isa = PBXBuildFile; fileRef = 9DB44AFC2A891F81003844A3 /* Preview Assets.xcassets */; };
		9DB644E82A91AFF000768230 /* CustomViewHeight.swift in Sources */ = {isa = PBXBuildFile; fileRef = 9DB644E72A91AFF000768230 /* CustomViewHeight.swift */; };
/* End PBXBuildFile section */

/* Begin PBXFileReference section */
		9D0119D32A89222C005990BB /* ViewCoordinator.swift */ = {isa = PBXFileReference; lastKnownFileType = sourcecode.swift; path = ViewCoordinator.swift; sourceTree = "<group>"; };
		9D0119D52A89229C005990BB /* CustomTextView.swift */ = {isa = PBXFileReference; lastKnownFileType = sourcecode.swift; path = CustomTextView.swift; sourceTree = "<group>"; };
		9D0119D72A892367005990BB /* CustomTextFieldView.swift */ = {isa = PBXFileReference; lastKnownFileType = sourcecode.swift; path = CustomTextFieldView.swift; sourceTree = "<group>"; };
		9D0119D92A8923B4005990BB /* CustomTextEditorView.swift */ = {isa = PBXFileReference; lastKnownFileType = sourcecode.swift; path = CustomTextEditorView.swift; sourceTree = "<group>"; };
		9D0119DB2A892436005990BB /* CustomImageView.swift */ = {isa = PBXFileReference; lastKnownFileType = sourcecode.swift; path = CustomImageView.swift; sourceTree = "<group>"; };
		9D0119DD2A89259F005990BB /* CustomPickerView.swift */ = {isa = PBXFileReference; lastKnownFileType = sourcecode.swift; path = CustomPickerView.swift; sourceTree = "<group>"; };
		9D0119DF2A8925D9005990BB /* CustomStackView.swift */ = {isa = PBXFileReference; lastKnownFileType = sourcecode.swift; path = CustomStackView.swift; sourceTree = "<group>"; };
		9D0119E12A8925FE005990BB /* CustomColorView.swift */ = {isa = PBXFileReference; lastKnownFileType = sourcecode.swift; path = CustomColorView.swift; sourceTree = "<group>"; };
		9D0119E32A892621005990BB /* CustomGradientView.swift */ = {isa = PBXFileReference; lastKnownFileType = sourcecode.swift; path = CustomGradientView.swift; sourceTree = "<group>"; };
		9D0119E52A89264E005990BB /* CustomButtonView.swift */ = {isa = PBXFileReference; lastKnownFileType = sourcecode.swift; path = CustomButtonView.swift; sourceTree = "<group>"; };
		9D0119E72A892672005990BB /* CustomStepperView.swift */ = {isa = PBXFileReference; lastKnownFileType = sourcecode.swift; path = CustomStepperView.swift; sourceTree = "<group>"; };
		9D0119E92A892695005990BB /* CustomDatePickerView.swift */ = {isa = PBXFileReference; lastKnownFileType = sourcecode.swift; path = CustomDatePickerView.swift; sourceTree = "<group>"; };
		9D0119EB2A8926C0005990BB /* CustomPhotoPickerView.swift */ = {isa = PBXFileReference; lastKnownFileType = sourcecode.swift; path = CustomPhotoPickerView.swift; sourceTree = "<group>"; };
		9D0119ED2A8926E2005990BB /* CustomMoveItemView.swift */ = {isa = PBXFileReference; lastKnownFileType = sourcecode.swift; path = CustomMoveItemView.swift; sourceTree = "<group>"; };
		9D0119EF2A892707005990BB /* CustomListView.swift */ = {isa = PBXFileReference; lastKnownFileType = sourcecode.swift; path = CustomListView.swift; sourceTree = "<group>"; };
		9D0119F12A89272D005990BB /* CustomScrollReaderView.swift */ = {isa = PBXFileReference; lastKnownFileType = sourcecode.swift; path = CustomScrollReaderView.swift; sourceTree = "<group>"; };
		9D0119F32A892756005990BB /* CustomScrollView.swift */ = {isa = PBXFileReference; lastKnownFileType = sourcecode.swift; path = CustomScrollView.swift; sourceTree = "<group>"; };
		9D0119F52A892781005990BB /* CustomMatchedGeometryEffectView.swift */ = {isa = PBXFileReference; lastKnownFileType = sourcecode.swift; path = CustomMatchedGeometryEffectView.swift; sourceTree = "<group>"; };
		9D0119F72A8927A8005990BB /* CustomAlertView.swift */ = {isa = PBXFileReference; lastKnownFileType = sourcecode.swift; path = CustomAlertView.swift; sourceTree = "<group>"; };
		9D0119F92A8927CB005990BB /* CustomAnimationView.swift */ = {isa = PBXFileReference; lastKnownFileType = sourcecode.swift; path = CustomAnimationView.swift; sourceTree = "<group>"; };
		9D0119FB2A8927EF005990BB /* CustomBlurView.swift */ = {isa = PBXFileReference; lastKnownFileType = sourcecode.swift; path = CustomBlurView.swift; sourceTree = "<group>"; };
		9D0119FD2A892817005990BB /* CustomDialogAlertView.swift */ = {isa = PBXFileReference; lastKnownFileType = sourcecode.swift; path = CustomDialogAlertView.swift; sourceTree = "<group>"; };
		9D0119FF2A89283B005990BB /* CustomSearchView.swift */ = {isa = PBXFileReference; lastKnownFileType = sourcecode.swift; path = CustomSearchView.swift; sourceTree = "<group>"; };
		9D011A012A892860005990BB /* CustomTabView.swift */ = {isa = PBXFileReference; lastKnownFileType = sourcecode.swift; path = CustomTabView.swift; sourceTree = "<group>"; };
		9D011A032A89288B005990BB /* CustomSafeAreaView.swift */ = {isa = PBXFileReference; lastKnownFileType = sourcecode.swift; path = CustomSafeAreaView.swift; sourceTree = "<group>"; };
		9D011A052A8928AE005990BB /* CustomLoaderView.swift */ = {isa = PBXFileReference; lastKnownFileType = sourcecode.swift; path = CustomLoaderView.swift; sourceTree = "<group>"; };
		9D011A072A8928D1005990BB /* CustomColorPickerView.swift */ = {isa = PBXFileReference; lastKnownFileType = sourcecode.swift; path = CustomColorPickerView.swift; sourceTree = "<group>"; };
		9D011A092A8928F6005990BB /* CustomToolBarButtonView.swift */ = {isa = PBXFileReference; lastKnownFileType = sourcecode.swift; path = CustomToolBarButtonView.swift; sourceTree = "<group>"; };
		9D011A0B2A89291C005990BB /* CustomToggleView.swift */ = {isa = PBXFileReference; lastKnownFileType = sourcecode.swift; path = CustomToggleView.swift; sourceTree = "<group>"; };
		9D011A0D2A89293D005990BB /* CustomSegmentedControlView.swift */ = {isa = PBXFileReference; lastKnownFileType = sourcecode.swift; path = CustomSegmentedControlView.swift; sourceTree = "<group>"; };
		9D011A0F2A892960005990BB /* CustomTimerView.swift */ = {isa = PBXFileReference; lastKnownFileType = sourcecode.swift; path = CustomTimerView.swift; sourceTree = "<group>"; };
		9D011A112A892985005990BB /* CustomLinkView.swift */ = {isa = PBXFileReference; lastKnownFileType = sourcecode.swift; path = CustomLinkView.swift; sourceTree = "<group>"; };
		9D011A132A8929A8005990BB /* CustomFormView.swift */ = {isa = PBXFileReference; lastKnownFileType = sourcecode.swift; path = CustomFormView.swift; sourceTree = "<group>"; };
		9D011A152A8929D2005990BB /* CustomSwipeActionView.swift */ = {isa = PBXFileReference; lastKnownFileType = sourcecode.swift; path = CustomSwipeActionView.swift; sourceTree = "<group>"; };
		9D011A172A892A25005990BB /* CustomRefreshView.swift */ = {isa = PBXFileReference; lastKnownFileType = sourcecode.swift; path = CustomRefreshView.swift; sourceTree = "<group>"; };
		9D011A192A892A4C005990BB /* CustomOverlayView.swift */ = {isa = PBXFileReference; lastKnownFileType = sourcecode.swift; path = CustomOverlayView.swift; sourceTree = "<group>"; };
		9D011A1B2A892A73005990BB /* CustomDisclosureGroupView.swift */ = {isa = PBXFileReference; lastKnownFileType = sourcecode.swift; path = CustomDisclosureGroupView.swift; sourceTree = "<group>"; };
		9D011A1D2A892A9B005990BB /* CustomGroupBoxView.swift */ = {isa = PBXFileReference; lastKnownFileType = sourcecode.swift; path = CustomGroupBoxView.swift; sourceTree = "<group>"; };
		9D011A1F2A892AC4005990BB /* CustomGestureView.swift */ = {isa = PBXFileReference; lastKnownFileType = sourcecode.swift; path = CustomGestureView.swift; sourceTree = "<group>"; };
		9D011A212A892AE7005990BB /* CustomProgressView.swift */ = {isa = PBXFileReference; lastKnownFileType = sourcecode.swift; path = CustomProgressView.swift; sourceTree = "<group>"; };
		9D02583B2A9608B500725EC4 /* CustomBottomView.swift */ = {isa = PBXFileReference; lastKnownFileType = sourcecode.swift; path = CustomBottomView.swift; sourceTree = "<group>"; };
		9D25377E2A9B5E0E009D23A7 /* CustomCameraPhotoPickerView.swift */ = {isa = PBXFileReference; lastKnownFileType = sourcecode.swift; path = CustomCameraPhotoPickerView.swift; sourceTree = "<group>"; };
		9D5572612A8BA350007FB6BE /* CustomAsyncImageView.swift */ = {isa = PBXFileReference; lastKnownFileType = sourcecode.swift; path = CustomAsyncImageView.swift; sourceTree = "<group>"; };
		9D9A00552A99AEBC001D65C8 /* CustomLayoutView.swift */ = {isa = PBXFileReference; lastKnownFileType = sourcecode.swift; path = CustomLayoutView.swift; sourceTree = "<group>"; };
		9D9A005A2A9A1E5A001D65C8 /* CustomPopOverView.swift */ = {isa = PBXFileReference; lastKnownFileType = sourcecode.swift; path = CustomPopOverView.swift; sourceTree = "<group>"; };
		9D9A005D2A9AEEB4001D65C8 /* ViewModifiers.swift */ = {isa = PBXFileReference; lastKnownFileType = sourcecode.swift; path = ViewModifiers.swift; sourceTree = "<group>"; };
		9D9A005F2A9AEF84001D65C8 /* CustomPreferenceKey.swift */ = {isa = PBXFileReference; lastKnownFileType = sourcecode.swift; path = CustomPreferenceKey.swift; sourceTree = "<group>"; };
		9DB44AF22A891F80003844A3 /* Example.app */ = {isa = PBXFileReference; explicitFileType = wrapper.application; includeInIndex = 0; path = Example.app; sourceTree = BUILT_PRODUCTS_DIR; };
		9DB44AF52A891F80003844A3 /* ExampleApp.swift */ = {isa = PBXFileReference; lastKnownFileType = sourcecode.swift; path = ExampleApp.swift; sourceTree = "<group>"; };
		9DB44AF72A891F80003844A3 /* ContentView.swift */ = {isa = PBXFileReference; lastKnownFileType = sourcecode.swift; path = ContentView.swift; sourceTree = "<group>"; };
		9DB44AF92A891F81003844A3 /* Assets.xcassets */ = {isa = PBXFileReference; lastKnownFileType = folder.assetcatalog; path = Assets.xcassets; sourceTree = "<group>"; };
		9DB44AFC2A891F81003844A3 /* Preview Assets.xcassets */ = {isa = PBXFileReference; lastKnownFileType = folder.assetcatalog; path = "Preview Assets.xcassets"; sourceTree = "<group>"; };
		9DB644E72A91AFF000768230 /* CustomViewHeight.swift */ = {isa = PBXFileReference; lastKnownFileType = sourcecode.swift; path = CustomViewHeight.swift; sourceTree = "<group>"; };
/* End PBXFileReference section */

/* Begin PBXFrameworksBuildPhase section */
		9DB44AEF2A891F80003844A3 /* Frameworks */ = {
			isa = PBXFrameworksBuildPhase;
			buildActionMask = 2147483647;
			files = (
			);
			runOnlyForDeploymentPostprocessing = 0;
		};
/* End PBXFrameworksBuildPhase section */

/* Begin PBXGroup section */
		9D0119D12A89214F005990BB /* Views */ = {
			isa = PBXGroup;
			children = (
				9D0119D22A892214005990BB /* CustomViews */,
				9DB44AF72A891F80003844A3 /* ContentView.swift */,
			);
			path = Views;
			sourceTree = "<group>";
		};
		9D0119D22A892214005990BB /* CustomViews */ = {
			isa = PBXGroup;
			children = (
				9D9A005C2A9AEE9A001D65C8 /* ViewModifiers */,
				9D0119D32A89222C005990BB /* ViewCoordinator.swift */,
				9D0119D52A89229C005990BB /* CustomTextView.swift */,
				9D0119D72A892367005990BB /* CustomTextFieldView.swift */,
				9D0119D92A8923B4005990BB /* CustomTextEditorView.swift */,
				9D0119DB2A892436005990BB /* CustomImageView.swift */,
				9D0119DD2A89259F005990BB /* CustomPickerView.swift */,
				9D0119DF2A8925D9005990BB /* CustomStackView.swift */,
				9D0119E12A8925FE005990BB /* CustomColorView.swift */,
				9D0119E32A892621005990BB /* CustomGradientView.swift */,
				9D0119E52A89264E005990BB /* CustomButtonView.swift */,
				9D0119E72A892672005990BB /* CustomStepperView.swift */,
				9D0119E92A892695005990BB /* CustomDatePickerView.swift */,
				9D0119EB2A8926C0005990BB /* CustomPhotoPickerView.swift */,
				9D25377E2A9B5E0E009D23A7 /* CustomCameraPhotoPickerView.swift */,
				9D0119ED2A8926E2005990BB /* CustomMoveItemView.swift */,
				9D0119EF2A892707005990BB /* CustomListView.swift */,
				9D0119F12A89272D005990BB /* CustomScrollReaderView.swift */,
				9D0119F32A892756005990BB /* CustomScrollView.swift */,
				9D0119F52A892781005990BB /* CustomMatchedGeometryEffectView.swift */,
				9D0119F72A8927A8005990BB /* CustomAlertView.swift */,
				9D0119F92A8927CB005990BB /* CustomAnimationView.swift */,
				9D0119FB2A8927EF005990BB /* CustomBlurView.swift */,
				9D0119FD2A892817005990BB /* CustomDialogAlertView.swift */,
				9D0119FF2A89283B005990BB /* CustomSearchView.swift */,
				9D011A012A892860005990BB /* CustomTabView.swift */,
				9D011A032A89288B005990BB /* CustomSafeAreaView.swift */,
				9D011A052A8928AE005990BB /* CustomLoaderView.swift */,
				9D011A072A8928D1005990BB /* CustomColorPickerView.swift */,
				9D011A092A8928F6005990BB /* CustomToolBarButtonView.swift */,
				9D011A0B2A89291C005990BB /* CustomToggleView.swift */,
				9D011A0D2A89293D005990BB /* CustomSegmentedControlView.swift */,
				9D011A0F2A892960005990BB /* CustomTimerView.swift */,
				9D011A112A892985005990BB /* CustomLinkView.swift */,
				9D011A132A8929A8005990BB /* CustomFormView.swift */,
				9D011A152A8929D2005990BB /* CustomSwipeActionView.swift */,
				9D011A172A892A25005990BB /* CustomRefreshView.swift */,
				9D011A192A892A4C005990BB /* CustomOverlayView.swift */,
				9D011A1B2A892A73005990BB /* CustomDisclosureGroupView.swift */,
				9D011A1D2A892A9B005990BB /* CustomGroupBoxView.swift */,
				9D011A1F2A892AC4005990BB /* CustomGestureView.swift */,
				9D011A212A892AE7005990BB /* CustomProgressView.swift */,
				9D5572612A8BA350007FB6BE /* CustomAsyncImageView.swift */,
				9DB644E72A91AFF000768230 /* CustomViewHeight.swift */,
				9D02583B2A9608B500725EC4 /* CustomBottomView.swift */,
				9D9A00552A99AEBC001D65C8 /* CustomLayoutView.swift */,
				9D9A005A2A9A1E5A001D65C8 /* CustomPopOverView.swift */,
			);
			path = CustomViews;
			sourceTree = "<group>";
		};
		9D9A005C2A9AEE9A001D65C8 /* ViewModifiers */ = {
			isa = PBXGroup;
			children = (
				9D9A005D2A9AEEB4001D65C8 /* ViewModifiers.swift */,
				9D9A005F2A9AEF84001D65C8 /* CustomPreferenceKey.swift */,
			);
			path = ViewModifiers;
			sourceTree = "<group>";
		};
		9DA289A12A8920F100157409 /* MainResources */ = {
			isa = PBXGroup;
			children = (
				9DB44AF52A891F80003844A3 /* ExampleApp.swift */,
				9DB44AF92A891F81003844A3 /* Assets.xcassets */,
				9DB44AFB2A891F81003844A3 /* Preview Content */,
			);
			path = MainResources;
			sourceTree = "<group>";
		};
		9DB44AE92A891F80003844A3 = {
			isa = PBXGroup;
			children = (
				9DB44AF42A891F80003844A3 /* Example */,
				9DB44AF32A891F80003844A3 /* Products */,
			);
			sourceTree = "<group>";
		};
		9DB44AF32A891F80003844A3 /* Products */ = {
			isa = PBXGroup;
			children = (
				9DB44AF22A891F80003844A3 /* Example.app */,
			);
			name = Products;
			sourceTree = "<group>";
		};
		9DB44AF42A891F80003844A3 /* Example */ = {
			isa = PBXGroup;
			children = (
				9DA289A12A8920F100157409 /* MainResources */,
				9D0119D12A89214F005990BB /* Views */,
			);
			path = Example;
			sourceTree = "<group>";
		};
		9DB44AFB2A891F81003844A3 /* Preview Content */ = {
			isa = PBXGroup;
			children = (
				9DB44AFC2A891F81003844A3 /* Preview Assets.xcassets */,
			);
			path = "Preview Content";
			sourceTree = "<group>";
		};
/* End PBXGroup section */

/* Begin PBXNativeTarget section */
		9DB44AF12A891F80003844A3 /* Example */ = {
			isa = PBXNativeTarget;
			buildConfigurationList = 9DB44B002A891F81003844A3 /* Build configuration list for PBXNativeTarget "Example" */;
			buildPhases = (
				9DB44AEE2A891F80003844A3 /* Sources */,
				9DB44AEF2A891F80003844A3 /* Frameworks */,
				9DB44AF02A891F80003844A3 /* Resources */,
			);
			buildRules = (
			);
			dependencies = (
			);
			name = Example;
			productName = Example;
			productReference = 9DB44AF22A891F80003844A3 /* Example.app */;
			productType = "com.apple.product-type.application";
		};
/* End PBXNativeTarget section */

/* Begin PBXProject section */
		9DB44AEA2A891F80003844A3 /* Project object */ = {
			isa = PBXProject;
			attributes = {
				BuildIndependentTargetsInParallel = 1;
				LastSwiftUpdateCheck = 1430;
				LastUpgradeCheck = 1430;
				TargetAttributes = {
					9DB44AF12A891F80003844A3 = {
						CreatedOnToolsVersion = 14.3.1;
					};
				};
			};
			buildConfigurationList = 9DB44AED2A891F80003844A3 /* Build configuration list for PBXProject "Example" */;
			compatibilityVersion = "Xcode 14.0";
			developmentRegion = en;
			hasScannedForEncodings = 0;
			knownRegions = (
				en,
				Base,
			);
			mainGroup = 9DB44AE92A891F80003844A3;
			productRefGroup = 9DB44AF32A891F80003844A3 /* Products */;
			projectDirPath = "";
			projectRoot = "";
			targets = (
				9DB44AF12A891F80003844A3 /* Example */,
			);
		};
/* End PBXProject section */

/* Begin PBXResourcesBuildPhase section */
		9DB44AF02A891F80003844A3 /* Resources */ = {
			isa = PBXResourcesBuildPhase;
			buildActionMask = 2147483647;
			files = (
				9DB44AFD2A891F81003844A3 /* Preview Assets.xcassets in Resources */,
				9DB44AFA2A891F81003844A3 /* Assets.xcassets in Resources */,
			);
			runOnlyForDeploymentPostprocessing = 0;
		};
/* End PBXResourcesBuildPhase section */

/* Begin PBXSourcesBuildPhase section */
		9DB44AEE2A891F80003844A3 /* Sources */ = {
			isa = PBXSourcesBuildPhase;
			buildActionMask = 2147483647;
			files = (
				9D0119EC2A8926C0005990BB /* CustomPhotoPickerView.swift in Sources */,
				9D011A1C2A892A73005990BB /* CustomDisclosureGroupView.swift in Sources */,
				9DB44AF82A891F80003844A3 /* ContentView.swift in Sources */,
				9D0119D42A89222C005990BB /* ViewCoordinator.swift in Sources */,
				9DB644E82A91AFF000768230 /* CustomViewHeight.swift in Sources */,
				9D0119D62A89229C005990BB /* CustomTextView.swift in Sources */,
				9D0119E62A89264E005990BB /* CustomButtonView.swift in Sources */,
				9D011A022A892860005990BB /* CustomTabView.swift in Sources */,
				9D0119F62A892781005990BB /* CustomMatchedGeometryEffectView.swift in Sources */,
				9D9A00562A99AEBC001D65C8 /* CustomLayoutView.swift in Sources */,
				9D0119FA2A8927CB005990BB /* CustomAnimationView.swift in Sources */,
				9D0119E22A8925FE005990BB /* CustomColorView.swift in Sources */,
				9D011A0A2A8928F6005990BB /* CustomToolBarButtonView.swift in Sources */,
				9D0119FC2A8927EF005990BB /* CustomBlurView.swift in Sources */,
				9D011A062A8928AE005990BB /* CustomLoaderView.swift in Sources */,
				9D0119EA2A892695005990BB /* CustomDatePickerView.swift in Sources */,
				9D0119DC2A892436005990BB /* CustomImageView.swift in Sources */,
				9D011A102A892960005990BB /* CustomTimerView.swift in Sources */,
				9D02583C2A9608B500725EC4 /* CustomBottomView.swift in Sources */,
				9D011A002A89283B005990BB /* CustomSearchView.swift in Sources */,
				9D0119F42A892756005990BB /* CustomScrollView.swift in Sources */,
				9D0119D82A892367005990BB /* CustomTextFieldView.swift in Sources */,
				9D0119F22A89272D005990BB /* CustomScrollReaderView.swift in Sources */,
				9D0119DE2A89259F005990BB /* CustomPickerView.swift in Sources */,
				9D0119E82A892672005990BB /* CustomStepperView.swift in Sources */,
				9D5572622A8BA350007FB6BE /* CustomAsyncImageView.swift in Sources */,
				9D0119E02A8925D9005990BB /* CustomStackView.swift in Sources */,
				9D9A005E2A9AEEB4001D65C8 /* ViewModifiers.swift in Sources */,
				9D011A1E2A892A9B005990BB /* CustomGroupBoxView.swift in Sources */,
				9D0119F82A8927A8005990BB /* CustomAlertView.swift in Sources */,
				9D011A142A8929A8005990BB /* CustomFormView.swift in Sources */,
				9D011A222A892AE7005990BB /* CustomProgressView.swift in Sources */,
				9D011A082A8928D1005990BB /* CustomColorPickerView.swift in Sources */,
				9D9A005B2A9A1E5A001D65C8 /* CustomPopOverView.swift in Sources */,
				9DB44AF62A891F80003844A3 /* ExampleApp.swift in Sources */,
				9D011A182A892A25005990BB /* CustomRefreshView.swift in Sources */,
				9D0119E42A892621005990BB /* CustomGradientView.swift in Sources */,
				9D0119FE2A892817005990BB /* CustomDialogAlertView.swift in Sources */,
				9D0119DA2A8923B4005990BB /* CustomTextEditorView.swift in Sources */,
				9D0119F02A892707005990BB /* CustomListView.swift in Sources */,
				9D011A202A892AC4005990BB /* CustomGestureView.swift in Sources */,
				9D011A162A8929D2005990BB /* CustomSwipeActionView.swift in Sources */,
				9D011A0E2A89293D005990BB /* CustomSegmentedControlView.swift in Sources */,
				9D011A0C2A89291C005990BB /* CustomToggleView.swift in Sources */,
				9D011A042A89288B005990BB /* CustomSafeAreaView.swift in Sources */,
				9D9A00602A9AEF84001D65C8 /* CustomPreferenceKey.swift in Sources */,
				9D0119EE2A8926E2005990BB /* CustomMoveItemView.swift in Sources */,
				9D011A1A2A892A4C005990BB /* CustomOverlayView.swift in Sources */,
				9D011A122A892985005990BB /* CustomLinkView.swift in Sources */,
				9D25377F2A9B5E0E009D23A7 /* CustomCameraPhotoPickerView.swift in Sources */,
			);
			runOnlyForDeploymentPostprocessing = 0;
		};
/* End PBXSourcesBuildPhase section */

/* Begin XCBuildConfiguration section */
		9DB44AFE2A891F81003844A3 /* Debug */ = {
			isa = XCBuildConfiguration;
			buildSettings = {
				ALWAYS_SEARCH_USER_PATHS = NO;
				CLANG_ANALYZER_NONNULL = YES;
				CLANG_ANALYZER_NUMBER_OBJECT_CONVERSION = YES_AGGRESSIVE;
				CLANG_CXX_LANGUAGE_STANDARD = "gnu++20";
				CLANG_ENABLE_MODULES = YES;
				CLANG_ENABLE_OBJC_ARC = YES;
				CLANG_ENABLE_OBJC_WEAK = YES;
				CLANG_WARN_BLOCK_CAPTURE_AUTORELEASING = YES;
				CLANG_WARN_BOOL_CONVERSION = YES;
				CLANG_WARN_COMMA = YES;
				CLANG_WARN_CONSTANT_CONVERSION = YES;
				CLANG_WARN_DEPRECATED_OBJC_IMPLEMENTATIONS = YES;
				CLANG_WARN_DIRECT_OBJC_ISA_USAGE = YES_ERROR;
				CLANG_WARN_DOCUMENTATION_COMMENTS = YES;
				CLANG_WARN_EMPTY_BODY = YES;
				CLANG_WARN_ENUM_CONVERSION = YES;
				CLANG_WARN_INFINITE_RECURSION = YES;
				CLANG_WARN_INT_CONVERSION = YES;
				CLANG_WARN_NON_LITERAL_NULL_CONVERSION = YES;
				CLANG_WARN_OBJC_IMPLICIT_RETAIN_SELF = YES;
				CLANG_WARN_OBJC_LITERAL_CONVERSION = YES;
				CLANG_WARN_OBJC_ROOT_CLASS = YES_ERROR;
				CLANG_WARN_QUOTED_INCLUDE_IN_FRAMEWORK_HEADER = YES;
				CLANG_WARN_RANGE_LOOP_ANALYSIS = YES;
				CLANG_WARN_STRICT_PROTOTYPES = YES;
				CLANG_WARN_SUSPICIOUS_MOVE = YES;
				CLANG_WARN_UNGUARDED_AVAILABILITY = YES_AGGRESSIVE;
				CLANG_WARN_UNREACHABLE_CODE = YES;
				CLANG_WARN__DUPLICATE_METHOD_MATCH = YES;
				COPY_PHASE_STRIP = NO;
				DEBUG_INFORMATION_FORMAT = dwarf;
				ENABLE_STRICT_OBJC_MSGSEND = YES;
				ENABLE_TESTABILITY = YES;
				GCC_C_LANGUAGE_STANDARD = gnu11;
				GCC_DYNAMIC_NO_PIC = NO;
				GCC_NO_COMMON_BLOCKS = YES;
				GCC_OPTIMIZATION_LEVEL = 0;
				GCC_PREPROCESSOR_DEFINITIONS = (
					"DEBUG=1",
					"$(inherited)",
				);
				GCC_WARN_64_TO_32_BIT_CONVERSION = YES;
				GCC_WARN_ABOUT_RETURN_TYPE = YES_ERROR;
				GCC_WARN_UNDECLARED_SELECTOR = YES;
				GCC_WARN_UNINITIALIZED_AUTOS = YES_AGGRESSIVE;
				GCC_WARN_UNUSED_FUNCTION = YES;
				GCC_WARN_UNUSED_VARIABLE = YES;
				IPHONEOS_DEPLOYMENT_TARGET = 16.0;
				MTL_ENABLE_DEBUG_INFO = INCLUDE_SOURCE;
				MTL_FAST_MATH = YES;
				ONLY_ACTIVE_ARCH = YES;
				SDKROOT = iphoneos;
				SWIFT_ACTIVE_COMPILATION_CONDITIONS = DEBUG;
				SWIFT_OPTIMIZATION_LEVEL = "-Onone";
			};
			name = Debug;
		};
		9DB44AFF2A891F81003844A3 /* Release */ = {
			isa = XCBuildConfiguration;
			buildSettings = {
				ALWAYS_SEARCH_USER_PATHS = NO;
				CLANG_ANALYZER_NONNULL = YES;
				CLANG_ANALYZER_NUMBER_OBJECT_CONVERSION = YES_AGGRESSIVE;
				CLANG_CXX_LANGUAGE_STANDARD = "gnu++20";
				CLANG_ENABLE_MODULES = YES;
				CLANG_ENABLE_OBJC_ARC = YES;
				CLANG_ENABLE_OBJC_WEAK = YES;
				CLANG_WARN_BLOCK_CAPTURE_AUTORELEASING = YES;
				CLANG_WARN_BOOL_CONVERSION = YES;
				CLANG_WARN_COMMA = YES;
				CLANG_WARN_CONSTANT_CONVERSION = YES;
				CLANG_WARN_DEPRECATED_OBJC_IMPLEMENTATIONS = YES;
				CLANG_WARN_DIRECT_OBJC_ISA_USAGE = YES_ERROR;
				CLANG_WARN_DOCUMENTATION_COMMENTS = YES;
				CLANG_WARN_EMPTY_BODY = YES;
				CLANG_WARN_ENUM_CONVERSION = YES;
				CLANG_WARN_INFINITE_RECURSION = YES;
				CLANG_WARN_INT_CONVERSION = YES;
				CLANG_WARN_NON_LITERAL_NULL_CONVERSION = YES;
				CLANG_WARN_OBJC_IMPLICIT_RETAIN_SELF = YES;
				CLANG_WARN_OBJC_LITERAL_CONVERSION = YES;
				CLANG_WARN_OBJC_ROOT_CLASS = YES_ERROR;
				CLANG_WARN_QUOTED_INCLUDE_IN_FRAMEWORK_HEADER = YES;
				CLANG_WARN_RANGE_LOOP_ANALYSIS = YES;
				CLANG_WARN_STRICT_PROTOTYPES = YES;
				CLANG_WARN_SUSPICIOUS_MOVE = YES;
				CLANG_WARN_UNGUARDED_AVAILABILITY = YES_AGGRESSIVE;
				CLANG_WARN_UNREACHABLE_CODE = YES;
				CLANG_WARN__DUPLICATE_METHOD_MATCH = YES;
				COPY_PHASE_STRIP = NO;
				DEBUG_INFORMATION_FORMAT = "dwarf-with-dsym";
				ENABLE_NS_ASSERTIONS = NO;
				ENABLE_STRICT_OBJC_MSGSEND = YES;
				GCC_C_LANGUAGE_STANDARD = gnu11;
				GCC_NO_COMMON_BLOCKS = YES;
				GCC_WARN_64_TO_32_BIT_CONVERSION = YES;
				GCC_WARN_ABOUT_RETURN_TYPE = YES_ERROR;
				GCC_WARN_UNDECLARED_SELECTOR = YES;
				GCC_WARN_UNINITIALIZED_AUTOS = YES_AGGRESSIVE;
				GCC_WARN_UNUSED_FUNCTION = YES;
				GCC_WARN_UNUSED_VARIABLE = YES;
				IPHONEOS_DEPLOYMENT_TARGET = 16.0;
				MTL_ENABLE_DEBUG_INFO = NO;
				MTL_FAST_MATH = YES;
				SDKROOT = iphoneos;
				SWIFT_COMPILATION_MODE = wholemodule;
				SWIFT_OPTIMIZATION_LEVEL = "-O";
				VALIDATE_PRODUCT = YES;
			};
			name = Release;
		};
		9DB44B012A891F81003844A3 /* Debug */ = {
			isa = XCBuildConfiguration;
			buildSettings = {
				ASSETCATALOG_COMPILER_APPICON_NAME = AppIcon;
				ASSETCATALOG_COMPILER_GLOBAL_ACCENT_COLOR_NAME = AccentColor;
				CODE_SIGN_STYLE = Automatic;
				CURRENT_PROJECT_VERSION = 1;
				DEVELOPMENT_ASSET_PATHS = "\"Example/MainResources/Preview Content\"";
				ENABLE_PREVIEWS = YES;
				GENERATE_INFOPLIST_FILE = YES;
				INFOPLIST_KEY_UIApplicationSceneManifest_Generation = YES;
				INFOPLIST_KEY_UIApplicationSupportsIndirectInputEvents = YES;
				INFOPLIST_KEY_UILaunchScreen_Generation = YES;
				INFOPLIST_KEY_UISupportedInterfaceOrientations_iPad = "UIInterfaceOrientationPortrait UIInterfaceOrientationPortraitUpsideDown UIInterfaceOrientationLandscapeLeft UIInterfaceOrientationLandscapeRight";
				INFOPLIST_KEY_UISupportedInterfaceOrientations_iPhone = "UIInterfaceOrientationPortrait UIInterfaceOrientationLandscapeLeft UIInterfaceOrientationLandscapeRight";
				IPHONEOS_DEPLOYMENT_TARGET = 16.0;
				LD_RUNPATH_SEARCH_PATHS = (
					"$(inherited)",
					"@executable_path/Frameworks",
				);
				MARKETING_VERSION = 1.0;
				PRODUCT_BUNDLE_IDENTIFIER = com.maheshwaran.Example;
				PRODUCT_NAME = "$(TARGET_NAME)";
				SWIFT_EMIT_LOC_STRINGS = YES;
				SWIFT_VERSION = 5.0;
				TARGETED_DEVICE_FAMILY = "1,2";
			};
			name = Debug;
		};
		9DB44B022A891F81003844A3 /* Release */ = {
			isa = XCBuildConfiguration;
			buildSettings = {
				ASSETCATALOG_COMPILER_APPICON_NAME = AppIcon;
				ASSETCATALOG_COMPILER_GLOBAL_ACCENT_COLOR_NAME = AccentColor;
				CODE_SIGN_STYLE = Automatic;
				CURRENT_PROJECT_VERSION = 1;
				DEVELOPMENT_ASSET_PATHS = "\"Example/MainResources/Preview Content\"";
				ENABLE_PREVIEWS = YES;
				GENERATE_INFOPLIST_FILE = YES;
				INFOPLIST_KEY_UIApplicationSceneManifest_Generation = YES;
				INFOPLIST_KEY_UIApplicationSupportsIndirectInputEvents = YES;
				INFOPLIST_KEY_UILaunchScreen_Generation = YES;
				INFOPLIST_KEY_UISupportedInterfaceOrientations_iPad = "UIInterfaceOrientationPortrait UIInterfaceOrientationPortraitUpsideDown UIInterfaceOrientationLandscapeLeft UIInterfaceOrientationLandscapeRight";
				INFOPLIST_KEY_UISupportedInterfaceOrientations_iPhone = "UIInterfaceOrientationPortrait UIInterfaceOrientationLandscapeLeft UIInterfaceOrientationLandscapeRight";
				IPHONEOS_DEPLOYMENT_TARGET = 16.0;
				LD_RUNPATH_SEARCH_PATHS = (
					"$(inherited)",
					"@executable_path/Frameworks",
				);
				MARKETING_VERSION = 1.0;
				PRODUCT_BUNDLE_IDENTIFIER = com.maheshwaran.Example;
				PRODUCT_NAME = "$(TARGET_NAME)";
				SWIFT_EMIT_LOC_STRINGS = YES;
				SWIFT_VERSION = 5.0;
				TARGETED_DEVICE_FAMILY = "1,2";
			};
			name = Release;
		};
/* End XCBuildConfiguration section */

/* Begin XCConfigurationList section */
		9DB44AED2A891F80003844A3 /* Build configuration list for PBXProject "Example" */ = {
			isa = XCConfigurationList;
			buildConfigurations = (
				9DB44AFE2A891F81003844A3 /* Debug */,
				9DB44AFF2A891F81003844A3 /* Release */,
			);
			defaultConfigurationIsVisible = 0;
			defaultConfigurationName = Release;
		};
		9DB44B002A891F81003844A3 /* Build configuration list for PBXNativeTarget "Example" */ = {
			isa = XCConfigurationList;
			buildConfigurations = (
				9DB44B012A891F81003844A3 /* Debug */,
				9DB44B022A891F81003844A3 /* Release */,
			);
			defaultConfigurationIsVisible = 0;
			defaultConfigurationName = Release;
		};
/* End XCConfigurationList section */
	};
	rootObject = 9DB44AEA2A891F80003844A3 /* Project object */;
}
